// !$*UTF8*$!
{
	archiveVersion = 1;
	classes = {
	};
	objectVersion = 46;
	objects = {

/* Begin PBXBuildFile section */
		AC81D2C31D5CBA4E00537FD7 /* main.m in Sources */ = {isa = PBXBuildFile; fileRef = AC81D2C21D5CBA4E00537FD7 /* main.m */; };
		AC81D2C61D5CBA4E00537FD7 /* AppDelegate.m in Sources */ = {isa = PBXBuildFile; fileRef = AC81D2C51D5CBA4E00537FD7 /* AppDelegate.m */; };
		AC81D2C91D5CBA4E00537FD7 /* ViewController.m in Sources */ = {isa = PBXBuildFile; fileRef = AC81D2C81D5CBA4E00537FD7 /* ViewController.m */; };
		AC81D2CE1D5CBA4E00537FD7 /* Assets.xcassets in Resources */ = {isa = PBXBuildFile; fileRef = AC81D2CD1D5CBA4E00537FD7 /* Assets.xcassets */; };
		AC81D2D11D5CBA4E00537FD7 /* LaunchScreen.storyboard in Resources */ = {isa = PBXBuildFile; fileRef = AC81D2CF1D5CBA4E00537FD7 /* LaunchScreen.storyboard */; };
		AC81D2DA1D5CBAC200537FD7 /* MainButton.m in Sources */ = {isa = PBXBuildFile; fileRef = AC81D2D91D5CBAC200537FD7 /* MainButton.m */; };
/* End PBXBuildFile section */

/* Begin PBXFileReference section */
		AC81D2BE1D5CBA4E00537FD7 /* Tic_Tac_Toe.app */ = {isa = PBXFileReference; explicitFileType = wrapper.application; includeInIndex = 0; path = Tic_Tac_Toe.app; sourceTree = BUILT_PRODUCTS_DIR; };
		AC81D2C21D5CBA4E00537FD7 /* main.m */ = {isa = PBXFileReference; lastKnownFileType = sourcecode.c.objc; path = main.m; sourceTree = "<group>"; };
		AC81D2C41D5CBA4E00537FD7 /* AppDelegate.h */ = {isa = PBXFileReference; lastKnownFileType = sourcecode.c.h; path = AppDelegate.h; sourceTree = "<group>"; };
		AC81D2C51D5CBA4E00537FD7 /* AppDelegate.m */ = {isa = PBXFileReference; lastKnownFileType = sourcecode.c.objc; path = AppDelegate.m; sourceTree = "<group>"; };
		AC81D2C71D5CBA4E00537FD7 /* ViewController.h */ = {isa = PBXFileReference; lastKnownFileType = sourcecode.c.h; path = ViewController.h; sourceTree = "<group>"; };
		AC81D2C81D5CBA4E00537FD7 /* ViewController.m */ = {isa = PBXFileReference; lastKnownFileType = sourcecode.c.objc; path = ViewController.m; sourceTree = "<group>"; };
		AC81D2CD1D5CBA4E00537FD7 /* Assets.xcassets */ = {isa = PBXFileReference; lastKnownFileType = folder.assetcatalog; path = Assets.xcassets; sourceTree = "<group>"; };
		AC81D2D01D5CBA4E00537FD7 /* Base */ = {isa = PBXFileReference; lastKnownFileType = file.storyboard; name = Base; path = Base.lproj/LaunchScreen.storyboard; sourceTree = "<group>"; };
		AC81D2D21D5CBA4E00537FD7 /* Info.plist */ = {isa = PBXFileReference; lastKnownFileType = text.plist.xml; path = Info.plist; sourceTree = "<group>"; };
		AC81D2D81D5CBAC200537FD7 /* MainButton.h */ = {isa = PBXFileReference; fileEncoding = 4; lastKnownFileType = sourcecode.c.h; path = MainButton.h; sourceTree = "<group>"; };
		AC81D2D91D5CBAC200537FD7 /* MainButton.m */ = {isa = PBXFileReference; fileEncoding = 4; lastKnownFileType = sourcecode.c.objc; path = MainButton.m; sourceTree = "<group>"; };
/* End PBXFileReference section */

/* Begin PBXFrameworksBuildPhase section */
		AC81D2BB1D5CBA4E00537FD7 /* Frameworks */ = {
			isa = PBXFrameworksBuildPhase;
			buildActionMask = 2147483647;
			files = (
			);
			runOnlyForDeploymentPostprocessing = 0;
		};
/* End PBXFrameworksBuildPhase section */

/* Begin PBXGroup section */
		AC81D2B51D5CBA4E00537FD7 = {
			isa = PBXGroup;
			children = (
				AC81D2C01D5CBA4E00537FD7 /* Tic_Tac_Toe */,
				AC81D2BF1D5CBA4E00537FD7 /* Products */,
			);
			sourceTree = "<group>";
		};
		AC81D2BF1D5CBA4E00537FD7 /* Products */ = {
			isa = PBXGroup;
			children = (
				AC81D2BE1D5CBA4E00537FD7 /* Tic_Tac_Toe.app */,
			);
			name = Products;
			sourceTree = "<group>";
		};
		AC81D2C01D5CBA4E00537FD7 /* Tic_Tac_Toe */ = {
			isa = PBXGroup;
			children = (
				AC81D2C41D5CBA4E00537FD7 /* AppDelegate.h */,
				AC81D2C51D5CBA4E00537FD7 /* AppDelegate.m */,
				AC81D2C71D5CBA4E00537FD7 /* ViewController.h */,
				AC81D2C81D5CBA4E00537FD7 /* ViewController.m */,
				AC81D2D81D5CBAC200537FD7 /* MainButton.h */,
				AC81D2D91D5CBAC200537FD7 /* MainButton.m */,
				AC81D2CD1D5CBA4E00537FD7 /* Assets.xcassets */,
				AC81D2CF1D5CBA4E00537FD7 /* LaunchScreen.storyboard */,
				AC81D2D21D5CBA4E00537FD7 /* Info.plist */,
				AC81D2C11D5CBA4E00537FD7 /* Supporting Files */,
			);
			path = Tic_Tac_Toe;
			sourceTree = "<group>";
		};
		AC81D2C11D5CBA4E00537FD7 /* Supporting Files */ = {
			isa = PBXGroup;
			children = (
				AC81D2C21D5CBA4E00537FD7 /* main.m */,
			);
			name = "Supporting Files";
			sourceTree = "<group>";
		};
/* End PBXGroup section */

/* Begin PBXNativeTarget section */
		AC81D2BD1D5CBA4E00537FD7 /* Tic_Tac_Toe */ = {
			isa = PBXNativeTarget;
			buildConfigurationList = AC81D2D51D5CBA4E00537FD7 /* Build configuration list for PBXNativeTarget "Tic_Tac_Toe" */;
			buildPhases = (
				AC81D2BA1D5CBA4E00537FD7 /* Sources */,
				AC81D2BB1D5CBA4E00537FD7 /* Frameworks */,
				AC81D2BC1D5CBA4E00537FD7 /* Resources */,
			);
			buildRules = (
			);
			dependencies = (
			);
			name = Tic_Tac_Toe;
			productName = Tic_Tac_Toe;
			productReference = AC81D2BE1D5CBA4E00537FD7 /* Tic_Tac_Toe.app */;
			productType = "com.apple.product-type.application";
		};
/* End PBXNativeTarget section */

/* Begin PBXProject section */
		AC81D2B61D5CBA4E00537FD7 /* Project object */ = {
			isa = PBXProject;
			attributes = {
				LastUpgradeCheck = 0720;
				ORGANIZATIONNAME = Yoga;
				TargetAttributes = {
					AC81D2BD1D5CBA4E00537FD7 = {
						CreatedOnToolsVersion = 7.2;
					};
				};
			};
			buildConfigurationList = AC81D2B91D5CBA4E00537FD7 /* Build configuration list for PBXProject "Tic_Tac_Toe" */;
			compatibilityVersion = "Xcode 3.2";
			developmentRegion = English;
			hasScannedForEncodings = 0;
			knownRegions = (
				en,
				Base,
			);
			mainGroup = AC81D2B51D5CBA4E00537FD7;
			productRefGroup = AC81D2BF1D5CBA4E00537FD7 /* Products */;
			projectDirPath = "";
			projectRoot = "";
			targets = (
				AC81D2BD1D5CBA4E00537FD7 /* Tic_Tac_Toe */,
			);
		};
/* End PBXProject section */

/* Begin PBXResourcesBuildPhase section */
		AC81D2BC1D5CBA4E00537FD7 /* Resources */ = {
			isa = PBXResourcesBuildPhase;
			buildActionMask = 2147483647;
			files = (
				AC81D2D11D5CBA4E00537FD7 /* LaunchScreen.storyboard in Resources */,
				AC81D2CE1D5CBA4E00537FD7 /* Assets.xcassets in Resources */,
			);
			runOnlyForDeploymentPostprocessing = 0;
		};
/* End PBXResourcesBuildPhase section */

/* Begin PBXSourcesBuildPhase section */
		AC81D2BA1D5CBA4E00537FD7 /* Sources */ = {
			isa = PBXSourcesBuildPhase;
			buildActionMask = 2147483647;
			files = (
				AC81D2DA1D5CBAC200537FD7 /* MainButton.m in Sources */,
				AC81D2C91D5CBA4E00537FD7 /* ViewController.m in Sources */,
				AC81D2C61D5CBA4E00537FD7 /* AppDelegate.m in Sources */,
				AC81D2C31D5CBA4E00537FD7 /* main.m in Sources */,
			);
			runOnlyForDeploymentPostprocessing = 0;
		};
/* End PBXSourcesBuildPhase section */

/* Begin PBXVariantGroup section */
		AC81D2CF1D5CBA4E00537FD7 /* LaunchScreen.storyboard */ = {
			isa = PBXVariantGroup;
			children = (
				AC81D2D01D5CBA4E00537FD7 /* Base */,
			);
			name = LaunchScreen.storyboard;
			sourceTree = "<group>";
		};
/* End PBXVariantGroup section */

/* Begin XCBuildConfiguration section */
		AC81D2D31D5CBA4E00537FD7 /* Debug */ = {
			isa = XCBuildConfiguration;
			buildSettings = {
				ALWAYS_SEARCH_USER_PATHS = NO;
				CLANG_CXX_LANGUAGE_STANDARD = "gnu++0x";
				CLANG_CXX_LIBRARY = "libc++";
				CLANG_ENABLE_MODULES = YES;
				CLANG_ENABLE_OBJC_ARC = YES;
				CLANG_WARN_BOOL_CONVERSION = YES;
				CLANG_WARN_CONSTANT_CONVERSION = YES;
				CLANG_WARN_DIRECT_OBJC_ISA_USAGE = YES_ERROR;
				CLANG_WARN_EMPTY_BODY = YES;
				CLANG_WARN_ENUM_CONVERSION = YES;
				CLANG_WARN_INT_CONVERSION = YES;
				CLANG_WARN_OBJC_ROOT_CLASS = YES_ERROR;
				CLANG_WARN_UNREACHABLE_CODE = YES;
				CLANG_WARN__DUPLICATE_METHOD_MATCH = YES;
				"CODE_SIGN_IDENTITY[sdk=iphoneos*]" = "iPhone Developer";
				COPY_PHASE_STRIP = NO;
				DEBUG_INFORMATION_FORMAT = dwarf;
				ENABLE_STRICT_OBJC_MSGSEND = YES;
				ENABLE_TESTABILITY = YES;
				GCC_C_LANGUAGE_STANDARD = gnu99;
				GCC_DYNAMIC_NO_PIC = NO;
				GCC_NO_COMMON_BLOCKS = YES;
				GCC_OPTIMIZATION_LEVEL = 0;
				GCC_PREPROCESSOR_DEFINITIONS = (
					"DEBUG=1",
					"$(inherited)",
				);
				GCC_WARN_64_TO_32_BIT_CONVERSION = YES;
				GCC_WARN_ABOUT_RETURN_TYPE = YES_ERROR;
				GCC_WARN_UNDECLARED_SELECTOR = YES;
				GCC_WARN_UNINITIALIZED_AUTOS = YES_AGGRESSIVE;
				GCC_WARN_UNUSED_FUNCTION = YES;
				GCC_WARN_UNUSED_VARIABLE = YES;
				IPHONEOS_DEPLOYMENT_TARGET = 9.2;
				MTL_ENABLE_DEBUG_INFO = YES;
				ONLY_ACTIVE_ARCH = YES;
				SDKROOT = iphoneos;
				TARGETED_DEVICE_FAMILY = "1,2";
			};
			name = Debug;
		};
		AC81D2D41D5CBA4E00537FD7 /* Release */ = {
			isa = XCBuildConfiguration;
			buildSettings = {
				ALWAYS_SEARCH_USER_PATHS = NO;
				CLANG_CXX_LANGUAGE_STANDARD = "gnu++0x";
				CLANG_CXX_LIBRARY = "libc++";
				CLANG_ENABLE_MODULES = YES;
				CLANG_ENABLE_OBJC_ARC = YES;
				CLANG_WARN_BOOL_CONVERSION = YES;
				CLANG_WARN_CONSTANT_CONVERSION = YES;
				CLANG_WARN_DIRECT_OBJC_ISA_USAGE = YES_ERROR;
				CLANG_WARN_EMPTY_BODY = YES;
				CLANG_WARN_ENUM_CONVERSION = YES;
				CLANG_WARN_INT_CONVERSION = YES;
				CLANG_WARN_OBJC_ROOT_CLASS = YES_ERROR;
				CLANG_WARN_UNREACHABLE_CODE = YES;
				CLANG_WARN__DUPLICATE_METHOD_MATCH = YES;
				"CODE_SIGN_IDENTITY[sdk=iphoneos*]" = "iPhone Developer";
				COPY_PHASE_STRIP = NO;
				DEBUG_INFORMATION_FORMAT = "dwarf-with-dsym";
				ENABLE_NS_ASSERTIONS = NO;
				ENABLE_STRICT_OBJC_MSGSEND = YES;
				GCC_C_LANGUAGE_STANDARD = gnu99;
				GCC_NO_COMMON_BLOCKS = YES;
				GCC_WARN_64_TO_32_BIT_CONVERSION = YES;
				GCC_WARN_ABOUT_RETURN_TYPE = YES_ERROR;
				GCC_WARN_UNDECLARED_SELECTOR = YES;
				GCC_WARN_UNINITIALIZED_AUTOS = YES_AGGRESSIVE;
				GCC_WARN_UNUSED_FUNCTION = YES;
				GCC_WARN_UNUSED_VARIABLE = YES;
				IPHONEOS_DEPLOYMENT_TARGET = 9.2;
				MTL_ENABLE_DEBUG_INFO = NO;
				SDKROOT = iphoneos;
				TARGETED_DEVICE_FAMILY = "1,2";
				VALIDATE_PRODUCT = YES;
			};
			name = Release;
		};
		AC81D2D61D5CBA4E00537FD7 /* Debug */ = {
			isa = XCBuildConfiguration;
			buildSettings = {
				ASSETCATALOG_COMPILER_APPICON_NAME = AppIcon;
				INFOPLIST_FILE = Tic_Tac_Toe/Info.plist;
				LD_RUNPATH_SEARCH_PATHS = "$(inherited) @executable_path/Frameworks";
				PRODUCT_BUNDLE_IDENTIFIER = "wuzhongtian.Tic-Tac-Toe";
				PRODUCT_NAME = "$(TARGET_NAME)";
			};
			name = Debug;
		};
		AC81D2D71D5CBA4E00537FD7 /* Release */ = {
			isa = XCBuildConfiguration;
			buildSettings = {
				ASSETCATALOG_COMPILER_APPICON_NAME = AppIcon;
				INFOPLIST_FILE = Tic_Tac_Toe/Info.plist;
				LD_RUNPATH_SEARCH_PATHS = "$(inherited) @executable_path/Frameworks";
				PRODUCT_BUNDLE_IDENTIFIER = "wuzhongtian.Tic-Tac-Toe";
				PRODUCT_NAME = "$(TARGET_NAME)";
			};
			name = Release;
		};
/* End XCBuildConfiguration section */

/* Begin XCConfigurationList section */
		AC81D2B91D5CBA4E00537FD7 /* Build configuration list for PBXProject "Tic_Tac_Toe" */ = {
			isa = XCConfigurationList;
			buildConfigurations = (
				AC81D2D31D5CBA4E00537FD7 /* Debug */,
				AC81D2D41D5CBA4E00537FD7 /* Release */,
			);
			defaultConfigurationIsVisible = 0;
			defaultConfigurationName = Release;
		};
		AC81D2D51D5CBA4E00537FD7 /* Build configuration list for PBXNativeTarget "Tic_Tac_Toe" */ = {
			isa = XCConfigurationList;
			buildConfigurations = (
				AC81D2D61D5CBA4E00537FD7 /* Debug */,
				AC81D2D71D5CBA4E00537FD7 /* Release */,
			);
			defaultConfigurationIsVisible = 0;
		};
/* End XCConfigurationList section */
	};
	rootObject = AC81D2B61D5CBA4E00537FD7 /* Project object */;
}
