// !$*UTF8*$!
{
	archiveVersion = 1;
	classes = {
	};
	objectVersion = 46;
	objects = {

/* Begin PBXBuildFile section */
		AC7CB3B61D6D736200313EB2 /* main.m in Sources */ = {isa = PBXBuildFile; fileRef = AC7CB3B51D6D736200313EB2 /* main.m */; };
		AC7CB3B91D6D736200313EB2 /* AppDelegate.m in Sources */ = {isa = PBXBuildFile; fileRef = AC7CB3B81D6D736200313EB2 /* AppDelegate.m */; };
		AC7CB3BC1D6D736200313EB2 /* ViewController.m in Sources */ = {isa = PBXBuildFile; fileRef = AC7CB3BB1D6D736200313EB2 /* ViewController.m */; };
		AC7CB3C11D6D736200313EB2 /* Assets.xcassets in Resources */ = {isa = PBXBuildFile; fileRef = AC7CB3C01D6D736200313EB2 /* Assets.xcassets */; };
		AC7CB3C41D6D736200313EB2 /* LaunchScreen.storyboard in Resources */ = {isa = PBXBuildFile; fileRef = AC7CB3C21D6D736200313EB2 /* LaunchScreen.storyboard */; };
		AC7CB3CF1D6D74E300313EB2 /* TTChangeColorBarView.m in Sources */ = {isa = PBXBuildFile; fileRef = AC7CB3CC1D6D74E300313EB2 /* TTChangeColorBarView.m */; };
		AC7CB3D31D6D76EA00313EB2 /* UIView+Size.m in Sources */ = {isa = PBXBuildFile; fileRef = AC7CB3D21D6D76EA00313EB2 /* UIView+Size.m */; };
/* End PBXBuildFile section */

/* Begin PBXFileReference section */
		AC7CB3B11D6D736200313EB2 /* TTSlideColorControl.app */ = {isa = PBXFileReference; explicitFileType = wrapper.application; includeInIndex = 0; path = TTSlideColorControl.app; sourceTree = BUILT_PRODUCTS_DIR; };
		AC7CB3B51D6D736200313EB2 /* main.m */ = {isa = PBXFileReference; lastKnownFileType = sourcecode.c.objc; path = main.m; sourceTree = "<group>"; };
		AC7CB3B71D6D736200313EB2 /* AppDelegate.h */ = {isa = PBXFileReference; lastKnownFileType = sourcecode.c.h; path = AppDelegate.h; sourceTree = "<group>"; };
		AC7CB3B81D6D736200313EB2 /* AppDelegate.m */ = {isa = PBXFileReference; lastKnownFileType = sourcecode.c.objc; path = AppDelegate.m; sourceTree = "<group>"; };
		AC7CB3BA1D6D736200313EB2 /* ViewController.h */ = {isa = PBXFileReference; lastKnownFileType = sourcecode.c.h; path = ViewController.h; sourceTree = "<group>"; };
		AC7CB3BB1D6D736200313EB2 /* ViewController.m */ = {isa = PBXFileReference; lastKnownFileType = sourcecode.c.objc; path = ViewController.m; sourceTree = "<group>"; };
		AC7CB3C01D6D736200313EB2 /* Assets.xcassets */ = {isa = PBXFileReference; lastKnownFileType = folder.assetcatalog; path = Assets.xcassets; sourceTree = "<group>"; };
		AC7CB3C31D6D736200313EB2 /* Base */ = {isa = PBXFileReference; lastKnownFileType = file.storyboard; name = Base; path = Base.lproj/LaunchScreen.storyboard; sourceTree = "<group>"; };
		AC7CB3C51D6D736200313EB2 /* Info.plist */ = {isa = PBXFileReference; lastKnownFileType = text.plist.xml; path = Info.plist; sourceTree = "<group>"; };
		AC7CB3CB1D6D74E300313EB2 /* TTChangeColorBarView.h */ = {isa = PBXFileReference; fileEncoding = 4; lastKnownFileType = sourcecode.c.h; path = TTChangeColorBarView.h; sourceTree = "<group>"; };
		AC7CB3CC1D6D74E300313EB2 /* TTChangeColorBarView.m */ = {isa = PBXFileReference; fileEncoding = 4; lastKnownFileType = sourcecode.c.objc; path = TTChangeColorBarView.m; sourceTree = "<group>"; };
		AC7CB3D11D6D76EA00313EB2 /* UIView+Size.h */ = {isa = PBXFileReference; fileEncoding = 4; lastKnownFileType = sourcecode.c.h; path = "UIView+Size.h"; sourceTree = "<group>"; };
		AC7CB3D21D6D76EA00313EB2 /* UIView+Size.m */ = {isa = PBXFileReference; fileEncoding = 4; lastKnownFileType = sourcecode.c.objc; path = "UIView+Size.m"; sourceTree = "<group>"; };
/* End PBXFileReference section */

/* Begin PBXFrameworksBuildPhase section */
		AC7CB3AE1D6D736200313EB2 /* Frameworks */ = {
			isa = PBXFrameworksBuildPhase;
			buildActionMask = 2147483647;
			files = (
			);
			runOnlyForDeploymentPostprocessing = 0;
		};
/* End PBXFrameworksBuildPhase section */

/* Begin PBXGroup section */
		AC7CB3A81D6D736200313EB2 = {
			isa = PBXGroup;
			children = (
				AC7CB3B31D6D736200313EB2 /* TTSlideColorControl */,
				AC7CB3B21D6D736200313EB2 /* Products */,
			);
			sourceTree = "<group>";
		};
		AC7CB3B21D6D736200313EB2 /* Products */ = {
			isa = PBXGroup;
			children = (
				AC7CB3B11D6D736200313EB2 /* TTSlideColorControl.app */,
			);
			name = Products;
			sourceTree = "<group>";
		};
		AC7CB3B31D6D736200313EB2 /* TTSlideColorControl */ = {
			isa = PBXGroup;
			children = (
				AC7CB3B71D6D736200313EB2 /* AppDelegate.h */,
				AC7CB3B81D6D736200313EB2 /* AppDelegate.m */,
				AC7CB3CB1D6D74E300313EB2 /* TTChangeColorBarView.h */,
				AC7CB3CC1D6D74E300313EB2 /* TTChangeColorBarView.m */,
				AC7CB3BA1D6D736200313EB2 /* ViewController.h */,
				AC7CB3BB1D6D736200313EB2 /* ViewController.m */,
				AC7CB3D11D6D76EA00313EB2 /* UIView+Size.h */,
				AC7CB3D21D6D76EA00313EB2 /* UIView+Size.m */,
				AC7CB3C01D6D736200313EB2 /* Assets.xcassets */,
				AC7CB3C21D6D736200313EB2 /* LaunchScreen.storyboard */,
				AC7CB3C51D6D736200313EB2 /* Info.plist */,
				AC7CB3B41D6D736200313EB2 /* Supporting Files */,
			);
			path = TTSlideColorControl;
			sourceTree = "<group>";
		};
		AC7CB3B41D6D736200313EB2 /* Supporting Files */ = {
			isa = PBXGroup;
			children = (
				AC7CB3B51D6D736200313EB2 /* main.m */,
			);
			name = "Supporting Files";
			sourceTree = "<group>";
		};
/* End PBXGroup section */

/* Begin PBXNativeTarget section */
		AC7CB3B01D6D736200313EB2 /* TTSlideColorControl */ = {
			isa = PBXNativeTarget;
			buildConfigurationList = AC7CB3C81D6D736200313EB2 /* Build configuration list for PBXNativeTarget "TTSlideColorControl" */;
			buildPhases = (
				AC7CB3AD1D6D736200313EB2 /* Sources */,
				AC7CB3AE1D6D736200313EB2 /* Frameworks */,
				AC7CB3AF1D6D736200313EB2 /* Resources */,
			);
			buildRules = (
			);
			dependencies = (
			);
			name = TTSlideColorControl;
			productName = TTSlideColorControl;
			productReference = AC7CB3B11D6D736200313EB2 /* TTSlideColorControl.app */;
			productType = "com.apple.product-type.application";
		};
/* End PBXNativeTarget section */

/* Begin PBXProject section */
		AC7CB3A91D6D736200313EB2 /* Project object */ = {
			isa = PBXProject;
			attributes = {
				LastUpgradeCheck = 0730;
				ORGANIZATIONNAME = Yoga;
				TargetAttributes = {
					AC7CB3B01D6D736200313EB2 = {
						CreatedOnToolsVersion = 7.3.1;
					};
				};
			};
			buildConfigurationList = AC7CB3AC1D6D736200313EB2 /* Build configuration list for PBXProject "TTSlideColorControl" */;
			compatibilityVersion = "Xcode 3.2";
			developmentRegion = English;
			hasScannedForEncodings = 0;
			knownRegions = (
				en,
				Base,
			);
			mainGroup = AC7CB3A81D6D736200313EB2;
			productRefGroup = AC7CB3B21D6D736200313EB2 /* Products */;
			projectDirPath = "";
			projectRoot = "";
			targets = (
				AC7CB3B01D6D736200313EB2 /* TTSlideColorControl */,
			);
		};
/* End PBXProject section */

/* Begin PBXResourcesBuildPhase section */
		AC7CB3AF1D6D736200313EB2 /* Resources */ = {
			isa = PBXResourcesBuildPhase;
			buildActionMask = 2147483647;
			files = (
				AC7CB3C41D6D736200313EB2 /* LaunchScreen.storyboard in Resources */,
				AC7CB3C11D6D736200313EB2 /* Assets.xcassets in Resources */,
			);
			runOnlyForDeploymentPostprocessing = 0;
		};
/* End PBXResourcesBuildPhase section */

/* Begin PBXSourcesBuildPhase section */
		AC7CB3AD1D6D736200313EB2 /* Sources */ = {
			isa = PBXSourcesBuildPhase;
			buildActionMask = 2147483647;
			files = (
				AC7CB3BC1D6D736200313EB2 /* ViewController.m in Sources */,
				AC7CB3B91D6D736200313EB2 /* AppDelegate.m in Sources */,
				AC7CB3CF1D6D74E300313EB2 /* TTChangeColorBarView.m in Sources */,
				AC7CB3D31D6D76EA00313EB2 /* UIView+Size.m in Sources */,
				AC7CB3B61D6D736200313EB2 /* main.m in Sources */,
			);
			runOnlyForDeploymentPostprocessing = 0;
		};
/* End PBXSourcesBuildPhase section */

/* Begin PBXVariantGroup section */
		AC7CB3C21D6D736200313EB2 /* LaunchScreen.storyboard */ = {
			isa = PBXVariantGroup;
			children = (
				AC7CB3C31D6D736200313EB2 /* Base */,
			);
			name = LaunchScreen.storyboard;
			sourceTree = "<group>";
		};
/* End PBXVariantGroup section */

/* Begin XCBuildConfiguration section */
		AC7CB3C61D6D736200313EB2 /* Debug */ = {
			isa = XCBuildConfiguration;
			buildSettings = {
				ALWAYS_SEARCH_USER_PATHS = NO;
				CLANG_ANALYZER_NONNULL = YES;
				CLANG_CXX_LANGUAGE_STANDARD = "gnu++0x";
				CLANG_CXX_LIBRARY = "libc++";
				CLANG_ENABLE_MODULES = YES;
				CLANG_ENABLE_OBJC_ARC = YES;
				CLANG_WARN_BOOL_CONVERSION = YES;
				CLANG_WARN_CONSTANT_CONVERSION = YES;
				CLANG_WARN_DIRECT_OBJC_ISA_USAGE = YES_ERROR;
				CLANG_WARN_EMPTY_BODY = YES;
				CLANG_WARN_ENUM_CONVERSION = YES;
				CLANG_WARN_INT_CONVERSION = YES;
				CLANG_WARN_OBJC_ROOT_CLASS = YES_ERROR;
				CLANG_WARN_UNREACHABLE_CODE = YES;
				CLANG_WARN__DUPLICATE_METHOD_MATCH = YES;
				"CODE_SIGN_IDENTITY[sdk=iphoneos*]" = "iPhone Developer";
				COPY_PHASE_STRIP = NO;
				DEBUG_INFORMATION_FORMAT = dwarf;
				ENABLE_STRICT_OBJC_MSGSEND = YES;
				ENABLE_TESTABILITY = YES;
				GCC_C_LANGUAGE_STANDARD = gnu99;
				GCC_DYNAMIC_NO_PIC = NO;
				GCC_NO_COMMON_BLOCKS = YES;
				GCC_OPTIMIZATION_LEVEL = 0;
				GCC_PREPROCESSOR_DEFINITIONS = (
					"DEBUG=1",
					"$(inherited)",
				);
				GCC_WARN_64_TO_32_BIT_CONVERSION = YES;
				GCC_WARN_ABOUT_RETURN_TYPE = YES_ERROR;
				GCC_WARN_UNDECLARED_SELECTOR = YES;
				GCC_WARN_UNINITIALIZED_AUTOS = YES_AGGRESSIVE;
				GCC_WARN_UNUSED_FUNCTION = YES;
				GCC_WARN_UNUSED_VARIABLE = YES;
				IPHONEOS_DEPLOYMENT_TARGET = 9.3;
				MTL_ENABLE_DEBUG_INFO = YES;
				ONLY_ACTIVE_ARCH = YES;
				SDKROOT = iphoneos;
				TARGETED_DEVICE_FAMILY = "1,2";
			};
			name = Debug;
		};
		AC7CB3C71D6D736200313EB2 /* Release */ = {
			isa = XCBuildConfiguration;
			buildSettings = {
				ALWAYS_SEARCH_USER_PATHS = NO;
				CLANG_ANALYZER_NONNULL = YES;
				CLANG_CXX_LANGUAGE_STANDARD = "gnu++0x";
				CLANG_CXX_LIBRARY = "libc++";
				CLANG_ENABLE_MODULES = YES;
				CLANG_ENABLE_OBJC_ARC = YES;
				CLANG_WARN_BOOL_CONVERSION = YES;
				CLANG_WARN_CONSTANT_CONVERSION = YES;
				CLANG_WARN_DIRECT_OBJC_ISA_USAGE = YES_ERROR;
				CLANG_WARN_EMPTY_BODY = YES;
				CLANG_WARN_ENUM_CONVERSION = YES;
				CLANG_WARN_INT_CONVERSION = YES;
				CLANG_WARN_OBJC_ROOT_CLASS = YES_ERROR;
				CLANG_WARN_UNREACHABLE_CODE = YES;
				CLANG_WARN__DUPLICATE_METHOD_MATCH = YES;
				"CODE_SIGN_IDENTITY[sdk=iphoneos*]" = "iPhone Developer";
				COPY_PHASE_STRIP = NO;
				DEBUG_INFORMATION_FORMAT = "dwarf-with-dsym";
				ENABLE_NS_ASSERTIONS = NO;
				ENABLE_STRICT_OBJC_MSGSEND = YES;
				GCC_C_LANGUAGE_STANDARD = gnu99;
				GCC_NO_COMMON_BLOCKS = YES;
				GCC_WARN_64_TO_32_BIT_CONVERSION = YES;
				GCC_WARN_ABOUT_RETURN_TYPE = YES_ERROR;
				GCC_WARN_UNDECLARED_SELECTOR = YES;
				GCC_WARN_UNINITIALIZED_AUTOS = YES_AGGRESSIVE;
				GCC_WARN_UNUSED_FUNCTION = YES;
				GCC_WARN_UNUSED_VARIABLE = YES;
				IPHONEOS_DEPLOYMENT_TARGET = 9.3;
				MTL_ENABLE_DEBUG_INFO = NO;
				SDKROOT = iphoneos;
				TARGETED_DEVICE_FAMILY = "1,2";
				VALIDATE_PRODUCT = YES;
			};
			name = Release;
		};
		AC7CB3C91D6D736200313EB2 /* Debug */ = {
			isa = XCBuildConfiguration;
			buildSettings = {
				ASSETCATALOG_COMPILER_APPICON_NAME = AppIcon;
				INFOPLIST_FILE = TTSlideColorControl/Info.plist;
				IPHONEOS_DEPLOYMENT_TARGET = 9.0;
				LD_RUNPATH_SEARCH_PATHS = "$(inherited) @executable_path/Frameworks";
				PRODUCT_BUNDLE_IDENTIFIER = wuzhongtian.TTSlideColorControl;
				PRODUCT_NAME = "$(TARGET_NAME)";
			};
			name = Debug;
		};
		AC7CB3CA1D6D736200313EB2 /* Release */ = {
			isa = XCBuildConfiguration;
			buildSettings = {
				ASSETCATALOG_COMPILER_APPICON_NAME = AppIcon;
				INFOPLIST_FILE = TTSlideColorControl/Info.plist;
				IPHONEOS_DEPLOYMENT_TARGET = 9.0;
				LD_RUNPATH_SEARCH_PATHS = "$(inherited) @executable_path/Frameworks";
				PRODUCT_BUNDLE_IDENTIFIER = wuzhongtian.TTSlideColorControl;
				PRODUCT_NAME = "$(TARGET_NAME)";
			};
			name = Release;
		};
/* End XCBuildConfiguration section */

/* Begin XCConfigurationList section */
		AC7CB3AC1D6D736200313EB2 /* Build configuration list for PBXProject "TTSlideColorControl" */ = {
			isa = XCConfigurationList;
			buildConfigurations = (
				AC7CB3C61D6D736200313EB2 /* Debug */,
				AC7CB3C71D6D736200313EB2 /* Release */,
			);
			defaultConfigurationIsVisible = 0;
			defaultConfigurationName = Release;
		};
		AC7CB3C81D6D736200313EB2 /* Build configuration list for PBXNativeTarget "TTSlideColorControl" */ = {
			isa = XCConfigurationList;
			buildConfigurations = (
				AC7CB3C91D6D736200313EB2 /* Debug */,
				AC7CB3CA1D6D736200313EB2 /* Release */,
			);
			defaultConfigurationIsVisible = 0;
		};
/* End XCConfigurationList section */
	};
	rootObject = AC7CB3A91D6D736200313EB2 /* Project object */;
}
